
Microsoft Visual Studio Solution File, Format Version 12.00
# Visual Studio 15
VisualStudioVersion = 15.0.28010.2026
MinimumVisualStudioVersion = 10.0.40219.1
Project("{FAE04EC0-301F-11D3-BF4B-00C04F79EFBC}") = "FixTerribleTemplates", "FixTerribleTemplates\FixTerribleTemplates.csproj", "{478BED42-C5C4-4785-9478-BD5B4E9644A2}"
EndProject
Global
	GlobalSection(SolutionConfigurationPlatforms) = preSolution
		Debug|Any CPU = Debug|Any CPU
		Release|Any CPU = Release|Any CPU
	EndGlobalSection
	GlobalSection(ProjectConfigurationPlatforms) = postSolution
		{478BED42-C5C4-4785-9478-BD5B4E9644A2}.Debug|Any CPU.ActiveCfg = Debug|Any CPU
		{478BED42-C5C4-4785-9478-BD5B4E9644A2}.Debug|Any CPU.Build.0 = Debug|Any CPU
		{478BED42-C5C4-4785-9478-BD5B4E9644A2}.Release|Any CPU.ActiveCfg = Release|Any CPU
		{478BED42-C5C4-4785-9478-BD5B4E9644A2}.Release|Any CPU.Build.0 = Release|Any CPU
	EndGlobalSection
	GlobalSection(SolutionProperties) = preSolution
		HideSolutionNode = FALSE
	EndGlobalSection
	GlobalSection(ExtensibilityGlobals) = postSolution
		SolutionGuid = {E5A9D459-F1C5-473B-AF76-6939D71EE859}
	EndGlobalSection
EndGlobal
